
Microsoft Visual Studio Solution File, Format Version 12.00
# Visual Studio Version 16
VisualStudioVersion = 16.0.30611.23
MinimumVisualStudioVersion = 10.0.40219.1
Project("{FAE04EC0-301F-11D3-BF4B-00C04F79EFBC}") = "ForceDNS.Service", "ForceDNS.Service\ForceDNS.Service.csproj", "{88AA95A9-398E-4382-8E73-FF416E781285}"
EndProject
Project("{FAE04EC0-301F-11D3-BF4B-00C04F79EFBC}") = "ForceDNS.UI", "ForceDNS.UI\ForceDNS.UI.csproj", "{2EB8036D-DBAA-46A9-A611-AD54EDA8D31E}"
EndProject
Project("{FAE04EC0-301F-11D3-BF4B-00C04F79EFBC}") = "ForceDNS.Common", "ForceDNS.Common\ForceDNS.Common.csproj", "{EC2288BA-C35D-430A-BC56-FB05A6D3BB1C}"
EndProject
Project("{FAE04EC0-301F-11D3-BF4B-00C04F79EFBC}") = "ForceDNS.DataAccess", "ForceDNS.DataAccess\ForceDNS.DataAccess.csproj", "{8F982DEF-9390-4A7B-9143-F185A106264F}"
EndProject
Project("{FAE04EC0-301F-11D3-BF4B-00C04F79EFBC}") = "ForceDNS.BusinessLayer", "ForceDNS.BusinessLayer\ForceDNS.BusinessLayer.csproj", "{BED3E339-EE03-438A-A51E-12A053887483}"
EndProject
Project("{930C7802-8A8C-48F9-8165-68863BCCD9DD}") = "ForceDNS.Installer", "ForceDNS.Installer\ForceDNS.Installer.wixproj", "{487CA811-435F-414A-BED3-B9DC334B8144}"
	ProjectSection(ProjectDependencies) = postProject
		{BED3E339-EE03-438A-A51E-12A053887483} = {BED3E339-EE03-438A-A51E-12A053887483}
		{2EB8036D-DBAA-46A9-A611-AD54EDA8D31E} = {2EB8036D-DBAA-46A9-A611-AD54EDA8D31E}
		{88AA95A9-398E-4382-8E73-FF416E781285} = {88AA95A9-398E-4382-8E73-FF416E781285}
		{EC2288BA-C35D-430A-BC56-FB05A6D3BB1C} = {EC2288BA-C35D-430A-BC56-FB05A6D3BB1C}
		{8F982DEF-9390-4A7B-9143-F185A106264F} = {8F982DEF-9390-4A7B-9143-F185A106264F}
	EndProjectSection
EndProject
Global
	GlobalSection(SolutionConfigurationPlatforms) = preSolution
		Debug|Any CPU = Debug|Any CPU
		Debug|x86 = Debug|x86
		Release|Any CPU = Release|Any CPU
		Release|x86 = Release|x86
	EndGlobalSection
	GlobalSection(ProjectConfigurationPlatforms) = postSolution
		{88AA95A9-398E-4382-8E73-FF416E781285}.Debug|Any CPU.ActiveCfg = Debug|Any CPU
		{88AA95A9-398E-4382-8E73-FF416E781285}.Debug|Any CPU.Build.0 = Debug|Any CPU
		{88AA95A9-398E-4382-8E73-FF416E781285}.Debug|x86.ActiveCfg = Debug|Any CPU
		{88AA95A9-398E-4382-8E73-FF416E781285}.Debug|x86.Build.0 = Debug|Any CPU
		{88AA95A9-398E-4382-8E73-FF416E781285}.Release|Any CPU.ActiveCfg = Release|Any CPU
		{88AA95A9-398E-4382-8E73-FF416E781285}.Release|Any CPU.Build.0 = Release|Any CPU
		{88AA95A9-398E-4382-8E73-FF416E781285}.Release|x86.ActiveCfg = Release|Any CPU
		{88AA95A9-398E-4382-8E73-FF416E781285}.Release|x86.Build.0 = Release|Any CPU
		{2EB8036D-DBAA-46A9-A611-AD54EDA8D31E}.Debug|Any CPU.ActiveCfg = Debug|Any CPU
		{2EB8036D-DBAA-46A9-A611-AD54EDA8D31E}.Debug|Any CPU.Build.0 = Debug|Any CPU
		{2EB8036D-DBAA-46A9-A611-AD54EDA8D31E}.Debug|x86.ActiveCfg = Debug|Any CPU
		{2EB8036D-DBAA-46A9-A611-AD54EDA8D31E}.Debug|x86.Build.0 = Debug|Any CPU
		{2EB8036D-DBAA-46A9-A611-AD54EDA8D31E}.Release|Any CPU.ActiveCfg = Release|Any CPU
		{2EB8036D-DBAA-46A9-A611-AD54EDA8D31E}.Release|Any CPU.Build.0 = Release|Any CPU
		{2EB8036D-DBAA-46A9-A611-AD54EDA8D31E}.Release|x86.ActiveCfg = Release|Any CPU
		{2EB8036D-DBAA-46A9-A611-AD54EDA8D31E}.Release|x86.Build.0 = Release|Any CPU
		{EC2288BA-C35D-430A-BC56-FB05A6D3BB1C}.Debug|Any CPU.ActiveCfg = Debug|Any CPU
		{EC2288BA-C35D-430A-BC56-FB05A6D3BB1C}.Debug|Any CPU.Build.0 = Debug|Any CPU
		{EC2288BA-C35D-430A-BC56-FB05A6D3BB1C}.Debug|x86.ActiveCfg = Debug|Any CPU
		{EC2288BA-C35D-430A-BC56-FB05A6D3BB1C}.Debug|x86.Build.0 = Debug|Any CPU
		{EC2288BA-C35D-430A-BC56-FB05A6D3BB1C}.Release|Any CPU.ActiveCfg = Release|Any CPU
		{EC2288BA-C35D-430A-BC56-FB05A6D3BB1C}.Release|Any CPU.Build.0 = Release|Any CPU
		{EC2288BA-C35D-430A-BC56-FB05A6D3BB1C}.Release|x86.ActiveCfg = Release|Any CPU
		{EC2288BA-C35D-430A-BC56-FB05A6D3BB1C}.Release|x86.Build.0 = Release|Any CPU
		{8F982DEF-9390-4A7B-9143-F185A106264F}.Debug|Any CPU.ActiveCfg = Debug|Any CPU
		{8F982DEF-9390-4A7B-9143-F185A106264F}.Debug|Any CPU.Build.0 = Debug|Any CPU
		{8F982DEF-9390-4A7B-9143-F185A106264F}.Debug|x86.ActiveCfg = Debug|Any CPU
		{8F982DEF-9390-4A7B-9143-F185A106264F}.Debug|x86.Build.0 = Debug|Any CPU
		{8F982DEF-9390-4A7B-9143-F185A106264F}.Release|Any CPU.ActiveCfg = Release|Any CPU
		{8F982DEF-9390-4A7B-9143-F185A106264F}.Release|Any CPU.Build.0 = Release|Any CPU
		{8F982DEF-9390-4A7B-9143-F185A106264F}.Release|x86.ActiveCfg = Release|Any CPU
		{8F982DEF-9390-4A7B-9143-F185A106264F}.Release|x86.Build.0 = Release|Any CPU
		{BED3E339-EE03-438A-A51E-12A053887483}.Debug|Any CPU.ActiveCfg = Debug|Any CPU
		{BED3E339-EE03-438A-A51E-12A053887483}.Debug|Any CPU.Build.0 = Debug|Any CPU
		{BED3E339-EE03-438A-A51E-12A053887483}.Debug|x86.ActiveCfg = Debug|Any CPU
		{BED3E339-EE03-438A-A51E-12A053887483}.Debug|x86.Build.0 = Debug|Any CPU
		{BED3E339-EE03-438A-A51E-12A053887483}.Release|Any CPU.ActiveCfg = Release|Any CPU
		{BED3E339-EE03-438A-A51E-12A053887483}.Release|Any CPU.Build.0 = Release|Any CPU
		{BED3E339-EE03-438A-A51E-12A053887483}.Release|x86.ActiveCfg = Release|Any CPU
		{BED3E339-EE03-438A-A51E-12A053887483}.Release|x86.Build.0 = Release|Any CPU
		{487CA811-435F-414A-BED3-B9DC334B8144}.Debug|Any CPU.ActiveCfg = Debug|x86
		{487CA811-435F-414A-BED3-B9DC334B8144}.Debug|Any CPU.Build.0 = Debug|x86
		{487CA811-435F-414A-BED3-B9DC334B8144}.Debug|x86.ActiveCfg = Debug|x86
		{487CA811-435F-414A-BED3-B9DC334B8144}.Debug|x86.Build.0 = Debug|x86
		{487CA811-435F-414A-BED3-B9DC334B8144}.Release|Any CPU.ActiveCfg = Release|x86
		{487CA811-435F-414A-BED3-B9DC334B8144}.Release|Any CPU.Build.0 = Release|x86
		{487CA811-435F-414A-BED3-B9DC334B8144}.Release|x86.ActiveCfg = Release|x86
		{487CA811-435F-414A-BED3-B9DC334B8144}.Release|x86.Build.0 = Release|x86
	EndGlobalSection
	GlobalSection(SolutionProperties) = preSolution
		HideSolutionNode = FALSE
	EndGlobalSection
	GlobalSection(ExtensibilityGlobals) = postSolution
		SolutionGuid = {19B249DF-B99C-4B18-8F75-7A64BD017E56}
	EndGlobalSection
EndGlobal
